
Microsoft Visual Studio Solution File, Format Version 12.00
# Visual Studio Version 17
VisualStudioVersion = 17.4.33213.308
MinimumVisualStudioVersion = 10.0.40219.1
Project("{FAE04EC0-301F-11D3-BF4B-00C04F79EFBC}") = "module14_prct", "module14_prct.csproj", "{9A495F60-92B3-4722-AFFF-B3B2B2E8898A}"
EndProject
Global
	GlobalSection(SolutionConfigurationPlatforms) = preSolution
		Debug|Any CPU = Debug|Any CPU
		Release|Any CPU = Release|Any CPU
	EndGlobalSection
	GlobalSection(ProjectConfigurationPlatforms) = postSolution
		{9A495F60-92B3-4722-AFFF-B3B2B2E8898A}.Debug|Any CPU.ActiveCfg = Debug|Any CPU
		{9A495F60-92B3-4722-AFFF-B3B2B2E8898A}.Debug|Any CPU.Build.0 = Debug|Any CPU
		{9A495F60-92B3-4722-AFFF-B3B2B2E8898A}.Release|Any CPU.ActiveCfg = Release|Any CPU
		{9A495F60-92B3-4722-AFFF-B3B2B2E8898A}.Release|Any CPU.Build.0 = Release|Any CPU
	EndGlobalSection
	GlobalSection(SolutionProperties) = preSolution
		HideSolutionNode = FALSE
	EndGlobalSection
	GlobalSection(ExtensibilityGlobals) = postSolution
		SolutionGuid = {AF5D7724-A30E-479C-80F2-2A423AD3D97F}
	EndGlobalSection
EndGlobal
